version = 1
requires-python = ">=3.10.0, <3.11"

[[package]]
name = "asv"
version = "0.6.4"
source = { registry = "https://pypi.org/simple" }
dependencies = [
    { name = "asv-runner" },
    { name = "build" },
    { name = "colorama", marker = "platform_system == 'Windows'" },
    { name = "json5" },
    { name = "pympler", marker = "platform_python_implementation != 'PyPy'" },
    { name = "pyyaml", marker = "platform_python_implementation != 'PyPy'" },
    { name = "tabulate" },
    { name = "tomli" },
    { name = "virtualenv" },
]
sdist = { url = "https://files.pythonhosted.org/packages/75/0c/31fe4135b378ee17131a804b11380a1ec1406c3925cb24ecdff5b86e673c/asv-0.6.4.tar.gz", hash = "sha256:1d124184171cfe106e3e57ac04e3221b8d4571c9bd6ca2c6498a8c7407339df1", size = 389611 }
wheels = [
    { url = "https://files.pythonhosted.org/packages/85/54/de33292ea7ce15613bdd9a6e51fac47878ce80f293157c9116c23387a1e5/asv-0.6.4-cp310-cp310-macosx_10_9_x86_64.whl", hash = "sha256:e32b4cc435bdb6f2ef83d8092e977962f6fa20471542d6341e596324d350cbea", size = 185448 },
    { url = "https://files.pythonhosted.org/packages/a9/14/fc30a590333a1021b28f9f2aaab009d3bb7c277cc1decadfcc86b74108de/asv-0.6.4-cp310-cp310-macosx_11_0_arm64.whl", hash = "sha256:fdfb9090623fc45cbeb77ab40b394779794083c155128e3d320fa06af2e0fdf5", size = 185245 },
    { url = "https://files.pythonhosted.org/packages/c3/72/87296f54fbf876fd8e0ad744e0c9322dee6f6f631a8d9f14b9b48008b51c/asv-0.6.4-cp310-cp310-manylinux_2_17_x86_64.manylinux2014_x86_64.whl", hash = "sha256:5dfee8a415f4b5da0be4bedf4c9cb3b041c2148d28d2327cf3b54f9cb565cefd", size = 259330 },
    { url = "https://files.pythonhosted.org/packages/bf/77/26cb95b1f1751706352e9924388732dc9fe4cc9e60153098407974d72b89/asv-0.6.4-cp310-cp310-manylinux_2_5_i686.manylinux1_i686.manylinux_2_17_i686.manylinux2014_i686.whl", hash = "sha256:abc13331bb8bb1880dbc33e75175ae90bca439038a1f7e246528481ecebd15dd", size = 261036 },
    { url = "https://files.pythonhosted.org/packages/ca/c6/c6f40902933b87f41e1ded3065eae526d29a40fbb84a69e2e61e151b217e/asv-0.6.4-cp310-cp310-musllinux_1_1_i686.whl", hash = "sha256:b67eec004f8218bba25dcdbdda2e6676dd6c4ac3e97a80b691b27dcfbfbda38d", size = 866515 },
    { url = "https://files.pythonhosted.org/packages/ae/00/7fa5a7c695ee49e11765956123407f868cefbf481b7c4177feba6e0646e9/asv-0.6.4-cp310-cp310-musllinux_1_1_x86_64.whl", hash = "sha256:aef14496a34552308d054db71181bfb1ca45d7ef29028747d388be9f00a5b45c", size = 812157 },
    { url = "https://files.pythonhosted.org/packages/4f/97/f09925683128f9bce9a7bfbcecb22334cec988fdb139a9959c2d22f39f19/asv-0.6.4-cp310-cp310-win_amd64.whl", hash = "sha256:0c8931e7a8aeda75f90b3ac422cbb7c46a5ce50d8c0a8e821cdf3e4d0705dd76", size = 188022 },
    { url = "https://files.pythonhosted.org/packages/67/c2/0808a237f90189f8fcfd6be4b77a8e1f19d0b8813d947a816f2bf9514809/asv-0.6.4-pp310-pypy310_pp73-macosx_10_9_x86_64.whl", hash = "sha256:0305e9eee21f71c3d3f8b046beb35e571f6dd7ed2fcd0e8405f8a208bcd3228a", size = 184577 },
    { url = "https://files.pythonhosted.org/packages/7b/c7/171341cc046f570b32fc4da70e80f800470301df3d67301e71b9c6f68a43/asv-0.6.4-pp310-pypy310_pp73-manylinux_2_17_x86_64.manylinux2014_x86_64.whl", hash = "sha256:e6cd23fa20edf8cb30354fda3388a8835a15158e21559c86f0d997e5d30dbf91", size = 185004 },
    { url = "https://files.pythonhosted.org/packages/8f/c6/df037423144a902cd2cbcdb9cbcdee567f7ba35be4f470f2a09ffba1e2fd/asv-0.6.4-pp310-pypy310_pp73-manylinux_2_5_i686.manylinux1_i686.manylinux_2_17_i686.manylinux2014_i686.whl", hash = "sha256:b7424d2dbfcb98aa3c099311100ceb9aabfd83fed0b41420f70f142852ed392a", size = 185767 },
    { url = "https://files.pythonhosted.org/packages/36/09/8ec4eb06432ccd13a346fb4db1e9ee67589c65731bc7a5c59c347eab5581/asv-0.6.4-pp310-pypy310_pp73-win_amd64.whl", hash = "sha256:e7f4b95583cf379015d35b747a1bb4df99c05dd4107d6081b2cf4a577f4caeca", size = 188103 },
]

[[package]]
name = "asv-runner"
version = "0.2.1"
source = { registry = "https://pypi.org/simple" }
dependencies = [
    { name = "importlib-metadata" },
]
sdist = { url = "https://files.pythonhosted.org/packages/32/4b/da5ae9c35e0b9f793d07d4939ad99e1d2ba7c9c502fd6074af5ff4554b03/asv_runner-0.2.1.tar.gz", hash = "sha256:945dd301a06fa9102f221b1e9ddd048f5ecd863796d4c8cd487f5577fe0db66d", size = 39518 }
wheels = [
    { url = "https://files.pythonhosted.org/packages/54/9a/6872af94fc8e8072723946651e65f66e16a0ca0efec7806bce8c2e2483d1/asv_runner-0.2.1-py3-none-any.whl", hash = "sha256:655d466208ce311768071f5003a61611481b24b3ad5ac41fb8a6374197e647e9", size = 47660 },
]

[[package]]
name = "build"
version = "1.2.2.post1"
source = { registry = "https://pypi.org/simple" }
dependencies = [
    { name = "colorama", marker = "os_name == 'nt'" },
    { name = "importlib-metadata", marker = "python_full_version < '3.10.2'" },
    { name = "packaging" },
    { name = "pyproject-hooks" },
    { name = "tomli" },
]
sdist = { url = "https://files.pythonhosted.org/packages/7d/46/aeab111f8e06793e4f0e421fcad593d547fb8313b50990f31681ee2fb1ad/build-1.2.2.post1.tar.gz", hash = "sha256:b36993e92ca9375a219c99e606a122ff365a760a2d4bba0caa09bd5278b608b7", size = 46701 }
wheels = [
    { url = "https://files.pythonhosted.org/packages/84/c2/80633736cd183ee4a62107413def345f7e6e3c01563dbca1417363cf957e/build-1.2.2.post1-py3-none-any.whl", hash = "sha256:1d61c0887fa860c01971625baae8bdd338e517b836a2f70dd1f7aa3a6b2fc5b5", size = 22950 },
]

[[package]]
name = "colorama"
version = "0.4.6"
source = { registry = "https://pypi.org/simple" }
sdist = { url = "https://files.pythonhosted.org/packages/d8/53/6f443c9a4a8358a93a6792e2acffb9d9d5cb0a5cfd8802644b7b1c9a02e4/colorama-0.4.6.tar.gz", hash = "sha256:08695f5cb7ed6e0531a20572697297273c47b8cae5a63ffc6d6ed5c201be6e44", size = 27697 }
wheels = [
    { url = "https://files.pythonhosted.org/packages/d1/d6/3965ed04c63042e047cb6a3e6ed1a63a35087b6a609aa3a15ed8ac56c221/colorama-0.4.6-py2.py3-none-any.whl", hash = "sha256:4f1d9991f5acc0ca119f9d443620b77f9d6b33703e51011c16baf57afb285fc6", size = 25335 },
]

[[package]]
name = "distlib"
version = "0.3.9"
source = { registry = "https://pypi.org/simple" }
sdist = { url = "https://files.pythonhosted.org/packages/0d/dd/1bec4c5ddb504ca60fc29472f3d27e8d4da1257a854e1d96742f15c1d02d/distlib-0.3.9.tar.gz", hash = "sha256:a60f20dea646b8a33f3e7772f74dc0b2d0772d2837ee1342a00645c81edf9403", size = 613923 }
wheels = [
    { url = "https://files.pythonhosted.org/packages/91/a1/cf2472db20f7ce4a6be1253a81cfdf85ad9c7885ffbed7047fb72c24cf87/distlib-0.3.9-py2.py3-none-any.whl", hash = "sha256:47f8c22fd27c27e25a65601af709b38e4f0a45ea4fc2e710f65755fa8caaaf87", size = 468973 },
]

[[package]]
name = "filelock"
version = "3.16.1"
source = { registry = "https://pypi.org/simple" }
sdist = { url = "https://files.pythonhosted.org/packages/9d/db/3ef5bb276dae18d6ec2124224403d1d67bccdbefc17af4cc8f553e341ab1/filelock-3.16.1.tar.gz", hash = "sha256:c249fbfcd5db47e5e2d6d62198e565475ee65e4831e2561c8e313fa7eb961435", size = 18037 }
wheels = [
    { url = "https://files.pythonhosted.org/packages/b9/f8/feced7779d755758a52d1f6635d990b8d98dc0a29fa568bbe0625f18fdf3/filelock-3.16.1-py3-none-any.whl", hash = "sha256:2082e5703d51fbf98ea75855d9d5527e33d8ff23099bec374a134febee6946b0", size = 16163 },
]

[[package]]
name = "importlib-metadata"
version = "8.5.0"
source = { registry = "https://pypi.org/simple" }
dependencies = [
    { name = "zipp" },
]
sdist = { url = "https://files.pythonhosted.org/packages/cd/12/33e59336dca5be0c398a7482335911a33aa0e20776128f038019f1a95f1b/importlib_metadata-8.5.0.tar.gz", hash = "sha256:71522656f0abace1d072b9e5481a48f07c138e00f079c38c8f883823f9c26bd7", size = 55304 }
wheels = [
    { url = "https://files.pythonhosted.org/packages/a0/d9/a1e041c5e7caa9a05c925f4bdbdfb7f006d1f74996af53467bc394c97be7/importlib_metadata-8.5.0-py3-none-any.whl", hash = "sha256:45e54197d28b7a7f1559e60b95e7c567032b602131fbd588f1497f47880aa68b", size = 26514 },
]

[[package]]
name = "json5"
version = "0.10.0"
source = { registry = "https://pypi.org/simple" }
sdist = { url = "https://files.pythonhosted.org/packages/85/3d/bbe62f3d0c05a689c711cff57b2e3ac3d3e526380adb7c781989f075115c/json5-0.10.0.tar.gz", hash = "sha256:e66941c8f0a02026943c52c2eb34ebeb2a6f819a0be05920a6f5243cd30fd559", size = 48202 }
wheels = [
    { url = "https://files.pythonhosted.org/packages/aa/42/797895b952b682c3dafe23b1834507ee7f02f4d6299b65aaa61425763278/json5-0.10.0-py3-none-any.whl", hash = "sha256:19b23410220a7271e8377f81ba8aacba2fdd56947fbb137ee5977cbe1f5e8dfa", size = 34049 },
]

[[package]]
name = "packaging"
version = "24.2"
source = { registry = "https://pypi.org/simple" }
sdist = { url = "https://files.pythonhosted.org/packages/d0/63/68dbb6eb2de9cb10ee4c9c14a0148804425e13c4fb20d61cce69f53106da/packaging-24.2.tar.gz", hash = "sha256:c228a6dc5e932d346bc5739379109d49e8853dd8223571c7c5b55260edc0b97f", size = 163950 }
wheels = [
    { url = "https://files.pythonhosted.org/packages/88/ef/eb23f262cca3c0c4eb7ab1933c3b1f03d021f2c48f54763065b6f0e321be/packaging-24.2-py3-none-any.whl", hash = "sha256:09abb1bccd265c01f4a3aa3f7a7db064b36514d2cba19a2f694fe6150451a759", size = 65451 },
]

[[package]]
name = "platformdirs"
version = "4.3.6"
source = { registry = "https://pypi.org/simple" }
sdist = { url = "https://files.pythonhosted.org/packages/13/fc/128cc9cb8f03208bdbf93d3aa862e16d376844a14f9a0ce5cf4507372de4/platformdirs-4.3.6.tar.gz", hash = "sha256:357fb2acbc885b0419afd3ce3ed34564c13c9b95c89360cd9563f73aa5e2b907", size = 21302 }
wheels = [
    { url = "https://files.pythonhosted.org/packages/3c/a6/bc1012356d8ece4d66dd75c4b9fc6c1f6650ddd5991e421177d9f8f671be/platformdirs-4.3.6-py3-none-any.whl", hash = "sha256:73e575e1408ab8103900836b97580d5307456908a03e92031bab39e4554cc3fb", size = 18439 },
]

[[package]]
name = "pympler"
version = "1.1"
source = { registry = "https://pypi.org/simple" }
dependencies = [
    { name = "pywin32", marker = "platform_system == 'Windows'" },
]
sdist = { url = "https://files.pythonhosted.org/packages/dd/37/c384631908029676d8e7213dd956bb686af303a80db7afbc9be36bc49495/pympler-1.1.tar.gz", hash = "sha256:1eaa867cb8992c218430f1708fdaccda53df064144d1c5656b1e6f1ee6000424", size = 179954 }
wheels = [
    { url = "https://files.pythonhosted.org/packages/79/4f/a6a2e2b202d7fd97eadfe90979845b8706676b41cbd3b42ba75adf329d1f/Pympler-1.1-py3-none-any.whl", hash = "sha256:5b223d6027d0619584116a0cbc28e8d2e378f7a79c1e5e024f9ff3b673c58506", size = 165766 },
]

[[package]]
name = "pyproject-hooks"
version = "1.2.0"
source = { registry = "https://pypi.org/simple" }
sdist = { url = "https://files.pythonhosted.org/packages/e7/82/28175b2414effca1cdac8dc99f76d660e7a4fb0ceefa4b4ab8f5f6742925/pyproject_hooks-1.2.0.tar.gz", hash = "sha256:1e859bd5c40fae9448642dd871adf459e5e2084186e8d2c2a79a824c970da1f8", size = 19228 }
wheels = [
    { url = "https://files.pythonhosted.org/packages/bd/24/12818598c362d7f300f18e74db45963dbcb85150324092410c8b49405e42/pyproject_hooks-1.2.0-py3-none-any.whl", hash = "sha256:9e5c6bfa8dcc30091c74b0cf803c81fdd29d94f01992a7707bc97babb1141913", size = 10216 },
]

[[package]]
name = "pywin32"
version = "308"
source = { registry = "https://pypi.org/simple" }
wheels = [
    { url = "https://files.pythonhosted.org/packages/72/a6/3e9f2c474895c1bb61b11fa9640be00067b5c5b363c501ee9c3fa53aec01/pywin32-308-cp310-cp310-win32.whl", hash = "sha256:796ff4426437896550d2981b9c2ac0ffd75238ad9ea2d3bfa67a1abd546d262e", size = 5927028 },
    { url = "https://files.pythonhosted.org/packages/d9/b4/84e2463422f869b4b718f79eb7530a4c1693e96b8a4e5e968de38be4d2ba/pywin32-308-cp310-cp310-win_amd64.whl", hash = "sha256:4fc888c59b3c0bef905ce7eb7e2106a07712015ea1c8234b703a088d46110e8e", size = 6558484 },
    { url = "https://files.pythonhosted.org/packages/9f/8f/fb84ab789713f7c6feacaa08dad3ec8105b88ade8d1c4f0f0dfcaaa017d6/pywin32-308-cp310-cp310-win_arm64.whl", hash = "sha256:a5ab5381813b40f264fa3495b98af850098f814a25a63589a8e9eb12560f450c", size = 7971454 },
]

[[package]]
name = "pyyaml"
version = "6.0.2"
source = { registry = "https://pypi.org/simple" }
sdist = { url = "https://files.pythonhosted.org/packages/54/ed/79a089b6be93607fa5cdaedf301d7dfb23af5f25c398d5ead2525b063e17/pyyaml-6.0.2.tar.gz", hash = "sha256:d584d9ec91ad65861cc08d42e834324ef890a082e591037abe114850ff7bbc3e", size = 130631 }
wheels = [
    { url = "https://files.pythonhosted.org/packages/9b/95/a3fac87cb7158e231b5a6012e438c647e1a87f09f8e0d123acec8ab8bf71/PyYAML-6.0.2-cp310-cp310-macosx_10_9_x86_64.whl", hash = "sha256:0a9a2848a5b7feac301353437eb7d5957887edbf81d56e903999a75a3d743086", size = 184199 },
    { url = "https://files.pythonhosted.org/packages/c7/7a/68bd47624dab8fd4afbfd3c48e3b79efe09098ae941de5b58abcbadff5cb/PyYAML-6.0.2-cp310-cp310-macosx_11_0_arm64.whl", hash = "sha256:29717114e51c84ddfba879543fb232a6ed60086602313ca38cce623c1d62cfbf", size = 171758 },
    { url = "https://files.pythonhosted.org/packages/49/ee/14c54df452143b9ee9f0f29074d7ca5516a36edb0b4cc40c3f280131656f/PyYAML-6.0.2-cp310-cp310-manylinux_2_17_aarch64.manylinux2014_aarch64.whl", hash = "sha256:8824b5a04a04a047e72eea5cec3bc266db09e35de6bdfe34c9436ac5ee27d237", size = 718463 },
    { url = "https://files.pythonhosted.org/packages/4d/61/de363a97476e766574650d742205be468921a7b532aa2499fcd886b62530/PyYAML-6.0.2-cp310-cp310-manylinux_2_17_s390x.manylinux2014_s390x.whl", hash = "sha256:7c36280e6fb8385e520936c3cb3b8042851904eba0e58d277dca80a5cfed590b", size = 719280 },
    { url = "https://files.pythonhosted.org/packages/6b/4e/1523cb902fd98355e2e9ea5e5eb237cbc5f3ad5f3075fa65087aa0ecb669/PyYAML-6.0.2-cp310-cp310-manylinux_2_17_x86_64.manylinux2014_x86_64.whl", hash = "sha256:ec031d5d2feb36d1d1a24380e4db6d43695f3748343d99434e6f5f9156aaa2ed", size = 751239 },
    { url = "https://files.pythonhosted.org/packages/b7/33/5504b3a9a4464893c32f118a9cc045190a91637b119a9c881da1cf6b7a72/PyYAML-6.0.2-cp310-cp310-musllinux_1_1_aarch64.whl", hash = "sha256:936d68689298c36b53b29f23c6dbb74de12b4ac12ca6cfe0e047bedceea56180", size = 695802 },
    { url = "https://files.pythonhosted.org/packages/5c/20/8347dcabd41ef3a3cdc4f7b7a2aff3d06598c8779faa189cdbf878b626a4/PyYAML-6.0.2-cp310-cp310-musllinux_1_1_x86_64.whl", hash = "sha256:23502f431948090f597378482b4812b0caae32c22213aecf3b55325e049a6c68", size = 720527 },
    { url = "https://files.pythonhosted.org/packages/be/aa/5afe99233fb360d0ff37377145a949ae258aaab831bde4792b32650a4378/PyYAML-6.0.2-cp310-cp310-win32.whl", hash = "sha256:2e99c6826ffa974fe6e27cdb5ed0021786b03fc98e5ee3c5bfe1fd5015f42b99", size = 144052 },
    { url = "https://files.pythonhosted.org/packages/b5/84/0fa4b06f6d6c958d207620fc60005e241ecedceee58931bb20138e1e5776/PyYAML-6.0.2-cp310-cp310-win_amd64.whl", hash = "sha256:a4d3091415f010369ae4ed1fc6b79def9416358877534caf6a0fdd2146c87a3e", size = 161774 },
]

[[package]]
name = "tabulate"
version = "0.9.0"
source = { registry = "https://pypi.org/simple" }
sdist = { url = "https://files.pythonhosted.org/packages/ec/fe/802052aecb21e3797b8f7902564ab6ea0d60ff8ca23952079064155d1ae1/tabulate-0.9.0.tar.gz", hash = "sha256:0095b12bf5966de529c0feb1fa08671671b3368eec77d7ef7ab114be2c068b3c", size = 81090 }
wheels = [
    { url = "https://files.pythonhosted.org/packages/40/44/4a5f08c96eb108af5cb50b41f76142f0afa346dfa99d5296fe7202a11854/tabulate-0.9.0-py3-none-any.whl", hash = "sha256:024ca478df22e9340661486f85298cff5f6dcdba14f3813e8830015b9ed1948f", size = 35252 },
]

[[package]]
name = "tomli"
version = "2.2.1"
source = { registry = "https://pypi.org/simple" }
sdist = { url = "https://files.pythonhosted.org/packages/18/87/302344fed471e44a87289cf4967697d07e532f2421fdaf868a303cbae4ff/tomli-2.2.1.tar.gz", hash = "sha256:cd45e1dc79c835ce60f7404ec8119f2eb06d38b1deba146f07ced3bbc44505ff", size = 17175 }
wheels = [
    { url = "https://files.pythonhosted.org/packages/6e/c2/61d3e0f47e2b74ef40a68b9e6ad5984f6241a942f7cd3bbfbdbd03861ea9/tomli-2.2.1-py3-none-any.whl", hash = "sha256:cb55c73c5f4408779d0cf3eef9f762b9c9f147a77de7b258bef0a5628adc85cc", size = 14257 },
]

[[package]]
name = "versioneer"
version = "0.29"
source = { registry = "https://pypi.org/simple" }
sdist = { url = "https://files.pythonhosted.org/packages/32/d7/854e45d2b03e1a8ee2aa6429dd396d002ce71e5d88b77551b2fb249cb382/versioneer-0.29.tar.gz", hash = "sha256:5ab283b9857211d61b53318b7c792cf68e798e765ee17c27ade9f6c924235731", size = 75141 }
wheels = [
    { url = "https://files.pythonhosted.org/packages/b0/79/f0f1ca286b78f6f33c521a36b5cbd5bd697c0d66217d8856f443aeb9dd77/versioneer-0.29-py3-none-any.whl", hash = "sha256:0f1a137bb5d6811e96a79bb0486798aeae9b9c6efc24b389659cebb0ee396cb9", size = 46785 },
]

[[package]]
name = "virtualenv"
version = "20.28.0"
source = { registry = "https://pypi.org/simple" }
dependencies = [
    { name = "distlib" },
    { name = "filelock" },
    { name = "platformdirs" },
]
sdist = { url = "https://files.pythonhosted.org/packages/bf/75/53316a5a8050069228a2f6d11f32046cfa94fbb6cc3f08703f59b873de2e/virtualenv-20.28.0.tar.gz", hash = "sha256:2c9c3262bb8e7b87ea801d715fae4495e6032450c71d2309be9550e7364049aa", size = 7650368 }
wheels = [
    { url = "https://files.pythonhosted.org/packages/10/f9/0919cf6f1432a8c4baa62511f8f8da8225432d22e83e3476f5be1a1edc6e/virtualenv-20.28.0-py3-none-any.whl", hash = "sha256:23eae1b4516ecd610481eda647f3a7c09aea295055337331bb4e6892ecce47b0", size = 4276702 },
]

[[package]]
name = "xdsl-asv"
version = "0.1.0"
source = { virtual = "." }
dependencies = [
    { name = "asv" },
    { name = "versioneer" },
]

[package.metadata]
requires-dist = [
    { name = "asv", specifier = ">=0.6.4" },
    { name = "versioneer", specifier = ">=0.29" },
]

[[package]]
name = "zipp"
version = "3.21.0"
source = { registry = "https://pypi.org/simple" }
sdist = { url = "https://files.pythonhosted.org/packages/3f/50/bad581df71744867e9468ebd0bcd6505de3b275e06f202c2cb016e3ff56f/zipp-3.21.0.tar.gz", hash = "sha256:2c9958f6430a2040341a52eb608ed6dd93ef4392e02ffe219417c1b28b5dd1f4", size = 24545 }
wheels = [
    { url = "https://files.pythonhosted.org/packages/b7/1a/7e4798e9339adc931158c9d69ecc34f5e6791489d469f5e50ec15e35f458/zipp-3.21.0-py3-none-any.whl", hash = "sha256:ac1bbe05fd2991f160ebce24ffbac5f6d11d83dc90891255885223d42b3cd931", size = 9630 },
]
